
Microsoft Visual Studio Solution File, Format Version 12.00
# Visual Studio Version 17
VisualStudioVersion = 17.7.34221.43
MinimumVisualStudioVersion = 10.0.40219.1
Project("{FAE04EC0-301F-11D3-BF4B-00C04F79EFBC}") = "GestionStock1", "GestionStock1\GestionStock1.csproj", "{3F809E60-B720-463E-AC67-32258C6A5C42}"
EndProject
Global
	GlobalSection(SolutionConfigurationPlatforms) = preSolution
		Debug|Any CPU = Debug|Any CPU
		Release|Any CPU = Release|Any CPU
	EndGlobalSection
	GlobalSection(ProjectConfigurationPlatforms) = postSolution
		{3F809E60-B720-463E-AC67-32258C6A5C42}.Debug|Any CPU.ActiveCfg = Debug|Any CPU
		{3F809E60-B720-463E-AC67-32258C6A5C42}.Debug|Any CPU.Build.0 = Debug|Any CPU
		{3F809E60-B720-463E-AC67-32258C6A5C42}.Release|Any CPU.ActiveCfg = Release|Any CPU
		{3F809E60-B720-463E-AC67-32258C6A5C42}.Release|Any CPU.Build.0 = Release|Any CPU
	EndGlobalSection
	GlobalSection(SolutionProperties) = preSolution
		HideSolutionNode = FALSE
	EndGlobalSection
	GlobalSection(ExtensibilityGlobals) = postSolution
		SolutionGuid = {20160122-CB73-44AA-B400-D90FF6951BFA}
	EndGlobalSection
EndGlobal
